{
  "lockfileVersion": 1,
  "workspaces": {
    "": {
      "dependencies": {
        "@anthropic-ai/sdk": "^0.56.0",
      },
    },
  },
  "packages": {
    "@anthropic-ai/sdk": ["@anthropic-ai/sdk@0.56.0", "", { "bin": { "anthropic-ai-sdk": "bin/cli" } }, "sha512-SLCB8M8+VMg1cpCucnA1XWHGWqVSZtIWzmOdDOEu3eTFZMB+A0sGZ1ESO5MHDnqrNTXz3safMrWx9x4rMZSOqA=="],
  }
}
